
Microsoft Visual Studio Solution File, Format Version 12.00
# Visual Studio Version 18
VisualStudioVersion = 18.0.11018.127
MinimumVisualStudioVersion = 10.0.40219.1
Project("{2150E333-8FDC-42A3-9474-1A3956D46DE8}") = "src", "src", "{02EA681E-C7D8-13C7-8484-4AC65E1B71E8}"
EndProject
Project("{2150E333-8FDC-42A3-9474-1A3956D46DE8}") = "tests", "tests", "{1A891A6A-FC24-4C1F-8EEE-840468AF814F}"
EndProject
Project("{2150E333-8FDC-42A3-9474-1A3956D46DE8}") = "UnitTests", "UnitTests", "{6CD282BB-7759-43DD-BBDA-C0A5E29F1E05}"
EndProject
Project("{2150E333-8FDC-42A3-9474-1A3956D46DE8}") = "Solution Items", "Solution Items", "{53C57D7B-F25E-4F9F-B58C-CACBD97C1F03}"
	ProjectSection(SolutionItems) = preProject
		.dockerignore = .dockerignore
		.editorconfig = .editorconfig
		.gitignore = .gitignore
		docker-compose.yml = docker-compose.yml
		Dockerfile = Dockerfile
		README.md = README.md
	EndProjectSection
EndProject
Project("{FAE04EC0-301F-11D3-BF4B-00C04F79EFBC}") = "Business", "src\Domain\Business.csproj", "{AFE306E7-4E17-4066-AA77-D0F507FEB81B}"
EndProject
Project("{FAE04EC0-301F-11D3-BF4B-00C04F79EFBC}") = "Adapter", "src\Application\Adapter.csproj", "{4C0D790B-1018-46C5-87D7-E71C79EEA844}"
EndProject
Project("{FAE04EC0-301F-11D3-BF4B-00C04F79EFBC}") = "Infrastructure", "src\Infrastructure\Infrastructure.csproj", "{24F624ED-9F6E-48CC-8FF2-F1E580F39881}"
EndProject
Project("{FAE04EC0-301F-11D3-BF4B-00C04F79EFBC}") = "Api", "src\Api\Api.csproj", "{6811E7C1-80F1-441A-982E-4E02E853B268}"
EndProject
Project("{2150E333-8FDC-42A3-9474-1A3956D46DE8}") = "Drivers", "Drivers", "{0B11CF59-D435-47E3-A014-7C0A587BE32E}"
EndProject
Project("{2150E333-8FDC-42A3-9474-1A3956D46DE8}") = ".github", ".github", "{48B356B8-D7F2-459A-8934-1C78D85E490C}"
EndProject
Project("{FAE04EC0-301F-11D3-BF4B-00C04F79EFBC}") = "Adapter.Tests", "tests\UnitTests\Adapter.Tests\Adapter.Tests.csproj", "{F91A7BA6-A48A-4342-93B8-BF7E69671CD0}"
EndProject
Project("{FAE04EC0-301F-11D3-BF4B-00C04F79EFBC}") = "Business.Tests", "tests\UnitTests\Business.Tests\Business.Tests.csproj", "{2BBCFC91-B2F0-6CDE-8427-B593F1152072}"
EndProject
Project("{2150E333-8FDC-42A3-9474-1A3956D46DE8}") = "k8s", "k8s", "{1609BF96-3BD1-4074-AC64-7058689873BB}"
	ProjectSection(SolutionItems) = preProject
		k8s\fastfood-payment-api-configmap.yaml = k8s\fastfood-payment-api-configmap.yaml
		k8s\fastfood-payment-api-hpa.yaml = k8s\fastfood-payment-api-hpa.yaml
		k8s\fastfood-payment-api-deployment.yaml = k8s\fastfood-payment-api-deployment.yaml
		k8s\fastfood-payment-api-service.yaml = k8s\fastfood-payment-api-service.yaml
	EndProjectSection
EndProject
Project("{2150E333-8FDC-42A3-9474-1A3956D46DE8}") = "workflows", "workflows", "{ACE6DE2D-B3AC-420B-B43D-C1380807C8B0}"
	ProjectSection(SolutionItems) = preProject
		.github\workflows\github-actions.yml = .github\workflows\github-actions.yml
	EndProjectSection
EndProject
Global
	GlobalSection(SolutionConfigurationPlatforms) = preSolution
		Debug|Any CPU = Debug|Any CPU
		Release|Any CPU = Release|Any CPU
	EndGlobalSection
	GlobalSection(ProjectConfigurationPlatforms) = postSolution
		{AFE306E7-4E17-4066-AA77-D0F507FEB81B}.Debug|Any CPU.ActiveCfg = Debug|Any CPU
		{AFE306E7-4E17-4066-AA77-D0F507FEB81B}.Debug|Any CPU.Build.0 = Debug|Any CPU
		{AFE306E7-4E17-4066-AA77-D0F507FEB81B}.Release|Any CPU.ActiveCfg = Release|Any CPU
		{AFE306E7-4E17-4066-AA77-D0F507FEB81B}.Release|Any CPU.Build.0 = Release|Any CPU
		{4C0D790B-1018-46C5-87D7-E71C79EEA844}.Debug|Any CPU.ActiveCfg = Debug|Any CPU
		{4C0D790B-1018-46C5-87D7-E71C79EEA844}.Debug|Any CPU.Build.0 = Debug|Any CPU
		{4C0D790B-1018-46C5-87D7-E71C79EEA844}.Release|Any CPU.ActiveCfg = Release|Any CPU
		{4C0D790B-1018-46C5-87D7-E71C79EEA844}.Release|Any CPU.Build.0 = Release|Any CPU
		{24F624ED-9F6E-48CC-8FF2-F1E580F39881}.Debug|Any CPU.ActiveCfg = Debug|Any CPU
		{24F624ED-9F6E-48CC-8FF2-F1E580F39881}.Debug|Any CPU.Build.0 = Debug|Any CPU
		{24F624ED-9F6E-48CC-8FF2-F1E580F39881}.Release|Any CPU.ActiveCfg = Release|Any CPU
		{24F624ED-9F6E-48CC-8FF2-F1E580F39881}.Release|Any CPU.Build.0 = Release|Any CPU
		{6811E7C1-80F1-441A-982E-4E02E853B268}.Debug|Any CPU.ActiveCfg = Debug|Any CPU
		{6811E7C1-80F1-441A-982E-4E02E853B268}.Debug|Any CPU.Build.0 = Debug|Any CPU
		{6811E7C1-80F1-441A-982E-4E02E853B268}.Release|Any CPU.ActiveCfg = Release|Any CPU
		{6811E7C1-80F1-441A-982E-4E02E853B268}.Release|Any CPU.Build.0 = Release|Any CPU
		{F91A7BA6-A48A-4342-93B8-BF7E69671CD0}.Debug|Any CPU.ActiveCfg = Debug|Any CPU
		{F91A7BA6-A48A-4342-93B8-BF7E69671CD0}.Debug|Any CPU.Build.0 = Debug|Any CPU
		{F91A7BA6-A48A-4342-93B8-BF7E69671CD0}.Release|Any CPU.ActiveCfg = Release|Any CPU
		{F91A7BA6-A48A-4342-93B8-BF7E69671CD0}.Release|Any CPU.Build.0 = Release|Any CPU
		{2BBCFC91-B2F0-6CDE-8427-B593F1152072}.Debug|Any CPU.ActiveCfg = Debug|Any CPU
		{2BBCFC91-B2F0-6CDE-8427-B593F1152072}.Debug|Any CPU.Build.0 = Debug|Any CPU
		{2BBCFC91-B2F0-6CDE-8427-B593F1152072}.Release|Any CPU.ActiveCfg = Release|Any CPU
		{2BBCFC91-B2F0-6CDE-8427-B593F1152072}.Release|Any CPU.Build.0 = Release|Any CPU
	EndGlobalSection
	GlobalSection(SolutionProperties) = preSolution
		HideSolutionNode = FALSE
	EndGlobalSection
	GlobalSection(NestedProjects) = preSolution
		{6CD282BB-7759-43DD-BBDA-C0A5E29F1E05} = {1A891A6A-FC24-4C1F-8EEE-840468AF814F}
		{AFE306E7-4E17-4066-AA77-D0F507FEB81B} = {02EA681E-C7D8-13C7-8484-4AC65E1B71E8}
		{4C0D790B-1018-46C5-87D7-E71C79EEA844} = {02EA681E-C7D8-13C7-8484-4AC65E1B71E8}
		{24F624ED-9F6E-48CC-8FF2-F1E580F39881} = {0B11CF59-D435-47E3-A014-7C0A587BE32E}
		{6811E7C1-80F1-441A-982E-4E02E853B268} = {0B11CF59-D435-47E3-A014-7C0A587BE32E}
		{0B11CF59-D435-47E3-A014-7C0A587BE32E} = {02EA681E-C7D8-13C7-8484-4AC65E1B71E8}
		{F91A7BA6-A48A-4342-93B8-BF7E69671CD0} = {6CD282BB-7759-43DD-BBDA-C0A5E29F1E05}
		{2BBCFC91-B2F0-6CDE-8427-B593F1152072} = {6CD282BB-7759-43DD-BBDA-C0A5E29F1E05}
		{1609BF96-3BD1-4074-AC64-7058689873BB} = {53C57D7B-F25E-4F9F-B58C-CACBD97C1F03}
		{ACE6DE2D-B3AC-420B-B43D-C1380807C8B0} = {48B356B8-D7F2-459A-8934-1C78D85E490C}
	EndGlobalSection
	GlobalSection(ExtensibilityGlobals) = postSolution
		SolutionGuid = {0FBC4EAE-604E-4437-A6BE-CA788CCBF395}
	EndGlobalSection
EndGlobal
